
Microsoft Visual Studio Solution File, Format Version 12.00
# Visual Studio Version 16
VisualStudioVersion = 16.0.28803.202
MinimumVisualStudioVersion = 10.0.40219.1
Project("{F184B08F-C81C-45F6-A57F-5ABD9991F28F}") = "Breakthough", "Breakthough.vbproj", "{C4F369DD-5FF2-4EC7-B15D-D11CBE604894}"
EndProject
Global
	GlobalSection(SolutionConfigurationPlatforms) = preSolution
		Debug|Any CPU = Debug|Any CPU
		Release|Any CPU = Release|Any CPU
	EndGlobalSection
	GlobalSection(ProjectConfigurationPlatforms) = postSolution
		{C4F369DD-5FF2-4EC7-B15D-D11CBE604894}.Debug|Any CPU.ActiveCfg = Debug|Any CPU
		{C4F369DD-5FF2-4EC7-B15D-D11CBE604894}.Debug|Any CPU.Build.0 = Debug|Any CPU
		{C4F369DD-5FF2-4EC7-B15D-D11CBE604894}.Release|Any CPU.ActiveCfg = Release|Any CPU
		{C4F369DD-5FF2-4EC7-B15D-D11CBE604894}.Release|Any CPU.Build.0 = Release|Any CPU
	EndGlobalSection
	GlobalSection(SolutionProperties) = preSolution
		HideSolutionNode = FALSE
	EndGlobalSection
	GlobalSection(ExtensibilityGlobals) = postSolution
		SolutionGuid = {30922063-6256-47BF-961A-84F2D283F1E0}
	EndGlobalSection
EndGlobal
